{
  "name": "Robonomics_FreeTon",
  "version": "0.0.0",
  "lockfileVersion": 2,
  "requires": true,
  "packages": {
    "": {
      "name": "Robonomics_FreeTon",
      "version": "0.0.0",
      "license": "WTFPL",
      "dependencies": {
        "@tonclient/appkit": "^0.2.0",
        "@tonclient/core": "^1.15.0",
        "@tonclient/lib-node": "^1.15.0"
      }
    },
    "node_modules/@tonclient/appkit": {
      "version": "0.2.0",
      "resolved": "https://registry.npmjs.org/@tonclient/appkit/-/appkit-0.2.0.tgz",
      "integrity": "sha512-3YfwifLI1uv1HkNE5yRrIWzw8q3I7fh4diQnLWPq2VSJ6zEiRmgpBXf6rBPzBCfDmdVlRZKWsjW4Bu6IUs719g==",
      "dependencies": {
        "@tonclient/core": "^1"
      },
      "engines": {
        "node": ">=6"
      }
    },
    "node_modules/@tonclient/core": {
      "version": "1.15.0",
      "resolved": "https://registry.npmjs.org/@tonclient/core/-/core-1.15.0.tgz",
      "integrity": "sha512-DjHCnfevMWjyRIRvJUY55Q6KigYEVRX4x5iNBjVUoN1YYR/pHy0TL/QIZGVuQ7ZlMqtcDUJtSoxjp9eWw8Kn6Q==",
      "engines": {
        "node": ">=6"
      }
    },
    "node_modules/@tonclient/lib-node": {
      "version": "1.15.0",
      "resolved": "https://registry.npmjs.org/@tonclient/lib-node/-/lib-node-1.15.0.tgz",
      "integrity": "sha512-e6GYa7v/TaqfbHWkuayUSWWLM4Qm87YvsK1dnba1+tJbUq8WHKO0jvzXIWgcfn1vNiZx7h7I4DKe+NlqbVprTw==",
      "hasInstallScript": true,
      "engines": {
        "node": ">=6"
      }
    }
  },
  "dependencies": {
    "@tonclient/appkit": {
      "version": "0.2.0",
      "resolved": "https://registry.npmjs.org/@tonclient/appkit/-/appkit-0.2.0.tgz",
      "integrity": "sha512-3YfwifLI1uv1HkNE5yRrIWzw8q3I7fh4diQnLWPq2VSJ6zEiRmgpBXf6rBPzBCfDmdVlRZKWsjW4Bu6IUs719g==",
      "requires": {
        "@tonclient/core": "^1"
      }
    },
    "@tonclient/core": {
      "version": "1.15.0",
      "resolved": "https://registry.npmjs.org/@tonclient/core/-/core-1.15.0.tgz",
      "integrity": "sha512-DjHCnfevMWjyRIRvJUY55Q6KigYEVRX4x5iNBjVUoN1YYR/pHy0TL/QIZGVuQ7ZlMqtcDUJtSoxjp9eWw8Kn6Q=="
    },
    "@tonclient/lib-node": {
      "version": "1.15.0",
      "resolved": "https://registry.npmjs.org/@tonclient/lib-node/-/lib-node-1.15.0.tgz",
      "integrity": "sha512-e6GYa7v/TaqfbHWkuayUSWWLM4Qm87YvsK1dnba1+tJbUq8WHKO0jvzXIWgcfn1vNiZx7h7I4DKe+NlqbVprTw=="
    }
  }
}
