{
  "name": "tokens_test",
  "version": "1.0.0",
  "lockfileVersion": 2,
  "requires": true,
  "packages": {
    "": {
      "version": "1.0.0",
      "license": "ISC",
      "dependencies": {
        "@tonclient/core": "^1.14.2",
        "@tonclient/lib-node": "^1.14.2"
      }
    },
    "node_modules/@tonclient/core": {
      "version": "1.14.2",
      "resolved": "https://registry.npmjs.org/@tonclient/core/-/core-1.14.2.tgz",
      "integrity": "sha512-7EL7/x3Q619YIEmF2n4qfGoEDav8qQFD0NVgYeJfHDJntEU0MX3jPmapAOW78rD/RecwoeLbxIQ6nTEKEmqmYA==",
      "engines": {
        "node": ">=6"
      }
    },
    "node_modules/@tonclient/lib-node": {
      "version": "1.14.2",
      "resolved": "https://registry.npmjs.org/@tonclient/lib-node/-/lib-node-1.14.2.tgz",
      "integrity": "sha512-fnsoMNeH7KshfwPprYwU2GwgBIcCHThi8d9DgncCCdQ60AygXowk24nu6WuMrnLYx0kJI6YVLVlDXk5D9izdFg==",
      "hasInstallScript": true,
      "engines": {
        "node": ">=6"
      }
    }
  },
  "dependencies": {
    "@tonclient/core": {
      "version": "1.14.2",
      "resolved": "https://registry.npmjs.org/@tonclient/core/-/core-1.14.2.tgz",
      "integrity": "sha512-7EL7/x3Q619YIEmF2n4qfGoEDav8qQFD0NVgYeJfHDJntEU0MX3jPmapAOW78rD/RecwoeLbxIQ6nTEKEmqmYA=="
    },
    "@tonclient/lib-node": {
      "version": "1.14.2",
      "resolved": "https://registry.npmjs.org/@tonclient/lib-node/-/lib-node-1.14.2.tgz",
      "integrity": "sha512-fnsoMNeH7KshfwPprYwU2GwgBIcCHThi8d9DgncCCdQ60AygXowk24nu6WuMrnLYx0kJI6YVLVlDXk5D9izdFg=="
    }
  }
}
